
Microsoft Visual Studio Solution File, Format Version 12.00
# Visual Studio Version 17
VisualStudioVersion = 17.4.33205.214
MinimumVisualStudioVersion = 10.0.40219.1
Project("{9A19103F-16F7-4668-BE54-9A1E7A4F7556}") = "Tryouts", "Tryouts\Tryouts.csproj", "{68E6BF6C-DC5C-461A-AE07-2B0E63A3B10C}"
EndProject
Project("{9A19103F-16F7-4668-BE54-9A1E7A4F7556}") = "Tests", "Tests\Tests.csproj", "{63149D4D-8862-4980-B0D7-22A7BCD1DC2F}"
EndProject
Project("{9A19103F-16F7-4668-BE54-9A1E7A4F7556}") = "Day1", "src\Day1\Day1.csproj", "{004D2668-3202-4717-89CF-51D404BF1BB7}"
EndProject
Project("{9A19103F-16F7-4668-BE54-9A1E7A4F7556}") = "Day2", "src\Day2\Day2.csproj", "{57F250A2-0A1B-47A3-8A47-98F694E6E44E}"
EndProject
Project("{FAE04EC0-301F-11D3-BF4B-00C04F79EFBC}") = "Day3", "src\Day3\Day3.csproj", "{4EE9BB80-DCA1-4C68-852A-E6A50860880D}"
EndProject
Global
	GlobalSection(SolutionConfigurationPlatforms) = preSolution
		Debug|Any CPU = Debug|Any CPU
		Release|Any CPU = Release|Any CPU
	EndGlobalSection
	GlobalSection(ProjectConfigurationPlatforms) = postSolution
		{68E6BF6C-DC5C-461A-AE07-2B0E63A3B10C}.Debug|Any CPU.ActiveCfg = Debug|Any CPU
		{68E6BF6C-DC5C-461A-AE07-2B0E63A3B10C}.Debug|Any CPU.Build.0 = Debug|Any CPU
		{68E6BF6C-DC5C-461A-AE07-2B0E63A3B10C}.Release|Any CPU.ActiveCfg = Release|Any CPU
		{68E6BF6C-DC5C-461A-AE07-2B0E63A3B10C}.Release|Any CPU.Build.0 = Release|Any CPU
		{63149D4D-8862-4980-B0D7-22A7BCD1DC2F}.Debug|Any CPU.ActiveCfg = Debug|Any CPU
		{63149D4D-8862-4980-B0D7-22A7BCD1DC2F}.Debug|Any CPU.Build.0 = Debug|Any CPU
		{63149D4D-8862-4980-B0D7-22A7BCD1DC2F}.Release|Any CPU.ActiveCfg = Release|Any CPU
		{63149D4D-8862-4980-B0D7-22A7BCD1DC2F}.Release|Any CPU.Build.0 = Release|Any CPU
		{004D2668-3202-4717-89CF-51D404BF1BB7}.Debug|Any CPU.ActiveCfg = Debug|Any CPU
		{004D2668-3202-4717-89CF-51D404BF1BB7}.Debug|Any CPU.Build.0 = Debug|Any CPU
		{004D2668-3202-4717-89CF-51D404BF1BB7}.Release|Any CPU.ActiveCfg = Release|Any CPU
		{004D2668-3202-4717-89CF-51D404BF1BB7}.Release|Any CPU.Build.0 = Release|Any CPU
		{57F250A2-0A1B-47A3-8A47-98F694E6E44E}.Debug|Any CPU.ActiveCfg = Debug|Any CPU
		{57F250A2-0A1B-47A3-8A47-98F694E6E44E}.Debug|Any CPU.Build.0 = Debug|Any CPU
		{57F250A2-0A1B-47A3-8A47-98F694E6E44E}.Release|Any CPU.ActiveCfg = Release|Any CPU
		{57F250A2-0A1B-47A3-8A47-98F694E6E44E}.Release|Any CPU.Build.0 = Release|Any CPU
		{4EE9BB80-DCA1-4C68-852A-E6A50860880D}.Debug|Any CPU.ActiveCfg = Debug|Any CPU
		{4EE9BB80-DCA1-4C68-852A-E6A50860880D}.Debug|Any CPU.Build.0 = Debug|Any CPU
		{4EE9BB80-DCA1-4C68-852A-E6A50860880D}.Release|Any CPU.ActiveCfg = Release|Any CPU
		{4EE9BB80-DCA1-4C68-852A-E6A50860880D}.Release|Any CPU.Build.0 = Release|Any CPU
	EndGlobalSection
	GlobalSection(SolutionProperties) = preSolution
		HideSolutionNode = FALSE
	EndGlobalSection
	GlobalSection(ExtensibilityGlobals) = postSolution
		SolutionGuid = {D23CDB38-5069-4EBA-B228-C0ED251FF3D3}
	EndGlobalSection
EndGlobal
