
Microsoft Visual Studio Solution File, Format Version 12.00
# Visual Studio Version 17
VisualStudioVersion = 17.6.33712.159
MinimumVisualStudioVersion = 10.0.40219.1
Project("{9A19103F-16F7-4668-BE54-9A1E7A4F7556}") = "AdventOfCode", "src\Day1\AdventOfCode.csproj", "{AC4542BA-DE19-4F55-90BE-D9F1C61733C3}"
EndProject
Project("{9A19103F-16F7-4668-BE54-9A1E7A4F7556}") = "Tests", "Tests\Tests.csproj", "{8ABCD512-29FE-4853-A2F1-F5BAA1BF596E}"
EndProject
Global
	GlobalSection(SolutionConfigurationPlatforms) = preSolution
		Debug|Any CPU = Debug|Any CPU
		Release|Any CPU = Release|Any CPU
	EndGlobalSection
	GlobalSection(ProjectConfigurationPlatforms) = postSolution
		{AC4542BA-DE19-4F55-90BE-D9F1C61733C3}.Debug|Any CPU.ActiveCfg = Debug|Any CPU
		{AC4542BA-DE19-4F55-90BE-D9F1C61733C3}.Debug|Any CPU.Build.0 = Debug|Any CPU
		{AC4542BA-DE19-4F55-90BE-D9F1C61733C3}.Release|Any CPU.ActiveCfg = Release|Any CPU
		{AC4542BA-DE19-4F55-90BE-D9F1C61733C3}.Release|Any CPU.Build.0 = Release|Any CPU
		{8ABCD512-29FE-4853-A2F1-F5BAA1BF596E}.Debug|Any CPU.ActiveCfg = Debug|Any CPU
		{8ABCD512-29FE-4853-A2F1-F5BAA1BF596E}.Debug|Any CPU.Build.0 = Debug|Any CPU
		{8ABCD512-29FE-4853-A2F1-F5BAA1BF596E}.Release|Any CPU.ActiveCfg = Release|Any CPU
		{8ABCD512-29FE-4853-A2F1-F5BAA1BF596E}.Release|Any CPU.Build.0 = Release|Any CPU
	EndGlobalSection
	GlobalSection(SolutionProperties) = preSolution
		HideSolutionNode = FALSE
	EndGlobalSection
	GlobalSection(ExtensibilityGlobals) = postSolution
		SolutionGuid = {3A7AEF0D-33FA-4D68-B2B1-13142EF3AC22}
	EndGlobalSection
EndGlobal
